// !$*UTF8*$!
{
	archiveVersion = 1;
	classes = {
	};
	objectVersion = 56;
	objects = {

/* Begin PBXBuildFile section */
		3638D7FD29B0D2C200E772BF /* MapView.swift in Sources */ = {isa = PBXBuildFile; fileRef = 3638D7FC29B0D2C200E772BF /* MapView.swift */; };
		3638D80129B135A900E772BF /* MapAnnotationView.swift in Sources */ = {isa = PBXBuildFile; fileRef = 3638D80029B135A900E772BF /* MapAnnotationView.swift */; };
		3638D80329B13D5D00E772BF /* DetailedAnnotaionView.swift in Sources */ = {isa = PBXBuildFile; fileRef = 3638D80229B13D5D00E772BF /* DetailedAnnotaionView.swift */; };
		3638D80729B638BE00E772BF /* LocationButtonView.swift in Sources */ = {isa = PBXBuildFile; fileRef = 3638D80629B638BE00E772BF /* LocationButtonView.swift */; };
		3638D80929B6568300E772BF /* SectionView.swift in Sources */ = {isa = PBXBuildFile; fileRef = 3638D80829B6568300E772BF /* SectionView.swift */; };
		3638D80C29B65A3500E772BF /* SegmentControl.swift in Sources */ = {isa = PBXBuildFile; fileRef = 3638D80B29B65A3500E772BF /* SegmentControl.swift */; };
		3638D80F29B675C200E772BF /* RectPreferenceKey.swift in Sources */ = {isa = PBXBuildFile; fileRef = 3638D80E29B675C200E772BF /* RectPreferenceKey.swift */; };
		3638D81129B675FC00E772BF /* UnderlineModifier.swift in Sources */ = {isa = PBXBuildFile; fileRef = 3638D81029B675FC00E772BF /* UnderlineModifier.swift */; };
		3638D81529BB411900E772BF /* FirebaseAuth in Frameworks */ = {isa = PBXBuildFile; productRef = 3638D81429BB411900E772BF /* FirebaseAuth */; };
		3638D81729BB411900E772BF /* FirebaseAuthCombine-Community in Frameworks */ = {isa = PBXBuildFile; productRef = 3638D81629BB411900E772BF /* FirebaseAuthCombine-Community */; };
		3638D81929BB411900E772BF /* FirebaseCrashlytics in Frameworks */ = {isa = PBXBuildFile; productRef = 3638D81829BB411900E772BF /* FirebaseCrashlytics */; };
		3638D81B29BB411900E772BF /* FirebaseDatabase in Frameworks */ = {isa = PBXBuildFile; productRef = 3638D81A29BB411900E772BF /* FirebaseDatabase */; };
		3638D81D29BB411900E772BF /* FirebaseDatabaseSwift in Frameworks */ = {isa = PBXBuildFile; productRef = 3638D81C29BB411900E772BF /* FirebaseDatabaseSwift */; };
		3638D81F29BB411900E772BF /* FirebaseDynamicLinks in Frameworks */ = {isa = PBXBuildFile; productRef = 3638D81E29BB411900E772BF /* FirebaseDynamicLinks */; };
		3638D82129BB411900E772BF /* FirebaseFirestore in Frameworks */ = {isa = PBXBuildFile; productRef = 3638D82029BB411900E772BF /* FirebaseFirestore */; };
		3638D82329BB411900E772BF /* FirebaseFirestoreCombine-Community in Frameworks */ = {isa = PBXBuildFile; productRef = 3638D82229BB411900E772BF /* FirebaseFirestoreCombine-Community */; };
		3638D82529BB411900E772BF /* FirebaseFirestoreSwift in Frameworks */ = {isa = PBXBuildFile; productRef = 3638D82429BB411900E772BF /* FirebaseFirestoreSwift */; };
		3638D82729BB411900E772BF /* FirebaseRemoteConfig in Frameworks */ = {isa = PBXBuildFile; productRef = 3638D82629BB411900E772BF /* FirebaseRemoteConfig */; };
		3638D82929BB411900E772BF /* FirebaseRemoteConfigSwift in Frameworks */ = {isa = PBXBuildFile; productRef = 3638D82829BB411900E772BF /* FirebaseRemoteConfigSwift */; };
		3638D82B29BB411900E772BF /* FirebaseStorage in Frameworks */ = {isa = PBXBuildFile; productRef = 3638D82A29BB411900E772BF /* FirebaseStorage */; };
		3638D82D29BB411900E772BF /* FirebaseStorageCombine-Community in Frameworks */ = {isa = PBXBuildFile; productRef = 3638D82C29BB411900E772BF /* FirebaseStorageCombine-Community */; };
		3638D82F29BB423700E772BF /* PresentAppView.swift in Sources */ = {isa = PBXBuildFile; fileRef = 3638D82E29BB423700E772BF /* PresentAppView.swift */; };
		3638D83429BB438A00E772BF /* GoogleService-Info.plist in Resources */ = {isa = PBXBuildFile; fileRef = 3638D83329BB438A00E772BF /* GoogleService-Info.plist */; };
		363AFF42299118F3008D8910 /* ImageView.swift in Sources */ = {isa = PBXBuildFile; fileRef = 363AFF41299118F3008D8910 /* ImageView.swift */; };
		363AFF4429911DC2008D8910 /* ImageModel.swift in Sources */ = {isa = PBXBuildFile; fileRef = 363AFF4329911DC2008D8910 /* ImageModel.swift */; };
		363AFF4629912C30008D8910 /* Image.swift in Sources */ = {isa = PBXBuildFile; fileRef = 363AFF4529912C30008D8910 /* Image.swift */; };
		3640847829708B02004185AE /* VandroukaApp.swift in Sources */ = {isa = PBXBuildFile; fileRef = 3640847729708B02004185AE /* VandroukaApp.swift */; };
		3640847A29708B02004185AE /* ContentView.swift in Sources */ = {isa = PBXBuildFile; fileRef = 3640847929708B02004185AE /* ContentView.swift */; };
		3640847C29708B04004185AE /* Assets.xcassets in Resources */ = {isa = PBXBuildFile; fileRef = 3640847B29708B04004185AE /* Assets.xcassets */; };
		3640847F29708B04004185AE /* Preview Assets.xcassets in Resources */ = {isa = PBXBuildFile; fileRef = 3640847E29708B04004185AE /* Preview Assets.xcassets */; };
		3640848729708BE7004185AE /* ProfileUIView.swift in Sources */ = {isa = PBXBuildFile; fileRef = 3640848629708BE7004185AE /* ProfileUIView.swift */; };
		364084892970A599004185AE /* EditView.swift in Sources */ = {isa = PBXBuildFile; fileRef = 364084882970A599004185AE /* EditView.swift */; };
		3640848C2970AAC6004185AE /* Profile.swift in Sources */ = {isa = PBXBuildFile; fileRef = 3640848B2970AAC6004185AE /* Profile.swift */; };
		36408495297C7986004185AE /* String.swift in Sources */ = {isa = PBXBuildFile; fileRef = 36408494297C7986004185AE /* String.swift */; };
		36408498297C7A32004185AE /* DateFormats.swift in Sources */ = {isa = PBXBuildFile; fileRef = 36408497297C7A32004185AE /* DateFormats.swift */; };
		3640849A297C7AF9004185AE /* Int.swift in Sources */ = {isa = PBXBuildFile; fileRef = 36408499297C7AF9004185AE /* Int.swift */; };
		36C323AF298965F40031A60E /* LocationManager.swift in Sources */ = {isa = PBXBuildFile; fileRef = 36C323AE298965F40031A60E /* LocationManager.swift */; };
		36C323B129898A290031A60E /* Places.swift in Sources */ = {isa = PBXBuildFile; fileRef = 36C323B029898A290031A60E /* Places.swift */; };
		36C323B429898BF40031A60E /* ExploreView.swift in Sources */ = {isa = PBXBuildFile; fileRef = 36C323B329898BF40031A60E /* ExploreView.swift */; };
		36C323B6298992340031A60E /* ExploreCellUIView.swift in Sources */ = {isa = PBXBuildFile; fileRef = 36C323B5298992340031A60E /* ExploreCellUIView.swift */; };
		36C323B8298998B60031A60E /* ImagePageView.swift in Sources */ = {isa = PBXBuildFile; fileRef = 36C323B7298998B60031A60E /* ImagePageView.swift */; };
		36C323BB298A9B330031A60E /* TabUIView.swift in Sources */ = {isa = PBXBuildFile; fileRef = 36C323BA298A9B330031A60E /* TabUIView.swift */; };
		36C323BD298AA07A0031A60E /* TabType.swift in Sources */ = {isa = PBXBuildFile; fileRef = 36C323BC298AA07A0031A60E /* TabType.swift */; };
		36FD237E29BF8B4300A70A94 /* LoginButtonView.swift in Sources */ = {isa = PBXBuildFile; fileRef = 36FD237D29BF8B4300A70A94 /* LoginButtonView.swift */; };
		36FD238129BF906300A70A94 /* NavigationLinkExtension.swift in Sources */ = {isa = PBXBuildFile; fileRef = 36FD238029BF906300A70A94 /* NavigationLinkExtension.swift */; };
		36FD238529BF9C6800A70A94 /* RegistrationView.swift in Sources */ = {isa = PBXBuildFile; fileRef = 36FD238429BF9C6800A70A94 /* RegistrationView.swift */; };
		36FD238729BF9E4600A70A94 /* SignInView.swift in Sources */ = {isa = PBXBuildFile; fileRef = 36FD238629BF9E4600A70A94 /* SignInView.swift */; };
		36FD238929BFA79C00A70A94 /* LoginFlowTextField.swift in Sources */ = {isa = PBXBuildFile; fileRef = 36FD238829BFA79C00A70A94 /* LoginFlowTextField.swift */; };
		36FD238B29BFAAB800A70A94 /* LoginTextFields.swift in Sources */ = {isa = PBXBuildFile; fileRef = 36FD238A29BFAAB800A70A94 /* LoginTextFields.swift */; };
		36FD238F29C3725E00A70A94 /* LoginFlowButtonView.swift in Sources */ = {isa = PBXBuildFile; fileRef = 36FD238E29C3725E00A70A94 /* LoginFlowButtonView.swift */; };
		36FD239229C3744E00A70A94 /* AsyncButton.swift in Sources */ = {isa = PBXBuildFile; fileRef = 36FD239129C3744E00A70A94 /* AsyncButton.swift */; };
		36FD239429C3A12B00A70A94 /* NavigationBackButton.swift in Sources */ = {isa = PBXBuildFile; fileRef = 36FD239329C3A12B00A70A94 /* NavigationBackButton.swift */; };
/* End PBXBuildFile section */

/* Begin PBXFileReference section */
		3638D7FC29B0D2C200E772BF /* MapView.swift */ = {isa = PBXFileReference; lastKnownFileType = sourcecode.swift; path = MapView.swift; sourceTree = "<group>"; };
		3638D80029B135A900E772BF /* MapAnnotationView.swift */ = {isa = PBXFileReference; lastKnownFileType = sourcecode.swift; path = MapAnnotationView.swift; sourceTree = "<group>"; };
		3638D80229B13D5D00E772BF /* DetailedAnnotaionView.swift */ = {isa = PBXFileReference; lastKnownFileType = sourcecode.swift; path = DetailedAnnotaionView.swift; sourceTree = "<group>"; };
		3638D80529B3E5D200E772BF /* Mensk.gpx */ = {isa = PBXFileReference; lastKnownFileType = text.xml; path = Mensk.gpx; sourceTree = "<group>"; };
		3638D80629B638BE00E772BF /* LocationButtonView.swift */ = {isa = PBXFileReference; lastKnownFileType = sourcecode.swift; path = LocationButtonView.swift; sourceTree = "<group>"; };
		3638D80829B6568300E772BF /* SectionView.swift */ = {isa = PBXFileReference; lastKnownFileType = sourcecode.swift; path = SectionView.swift; sourceTree = "<group>"; };
		3638D80B29B65A3500E772BF /* SegmentControl.swift */ = {isa = PBXFileReference; lastKnownFileType = sourcecode.swift; path = SegmentControl.swift; sourceTree = "<group>"; };
		3638D80E29B675C200E772BF /* RectPreferenceKey.swift */ = {isa = PBXFileReference; lastKnownFileType = sourcecode.swift; path = RectPreferenceKey.swift; sourceTree = "<group>"; };
		3638D81029B675FC00E772BF /* UnderlineModifier.swift */ = {isa = PBXFileReference; lastKnownFileType = sourcecode.swift; path = UnderlineModifier.swift; sourceTree = "<group>"; };
		3638D82E29BB423700E772BF /* PresentAppView.swift */ = {isa = PBXFileReference; lastKnownFileType = sourcecode.swift; path = PresentAppView.swift; sourceTree = "<group>"; };
		3638D83329BB438A00E772BF /* GoogleService-Info.plist */ = {isa = PBXFileReference; fileEncoding = 4; lastKnownFileType = text.plist.xml; name = "GoogleService-Info.plist"; path = "../../../../Downloads/GoogleService-Info.plist"; sourceTree = "<group>"; };
		363AFF41299118F3008D8910 /* ImageView.swift */ = {isa = PBXFileReference; lastKnownFileType = sourcecode.swift; path = ImageView.swift; sourceTree = "<group>"; };
		363AFF4329911DC2008D8910 /* ImageModel.swift */ = {isa = PBXFileReference; lastKnownFileType = sourcecode.swift; path = ImageModel.swift; sourceTree = "<group>"; };
		363AFF4529912C30008D8910 /* Image.swift */ = {isa = PBXFileReference; lastKnownFileType = sourcecode.swift; path = Image.swift; sourceTree = "<group>"; };
		3640847429708B02004185AE /* Vandrouka.app */ = {isa = PBXFileReference; explicitFileType = wrapper.application; includeInIndex = 0; path = Vandrouka.app; sourceTree = BUILT_PRODUCTS_DIR; };
		3640847729708B02004185AE /* VandroukaApp.swift */ = {isa = PBXFileReference; lastKnownFileType = sourcecode.swift; path = VandroukaApp.swift; sourceTree = "<group>"; };
		3640847929708B02004185AE /* ContentView.swift */ = {isa = PBXFileReference; lastKnownFileType = sourcecode.swift; path = ContentView.swift; sourceTree = "<group>"; };
		3640847B29708B04004185AE /* Assets.xcassets */ = {isa = PBXFileReference; lastKnownFileType = folder.assetcatalog; path = Assets.xcassets; sourceTree = "<group>"; };
		3640847E29708B04004185AE /* Preview Assets.xcassets */ = {isa = PBXFileReference; lastKnownFileType = folder.assetcatalog; path = "Preview Assets.xcassets"; sourceTree = "<group>"; };
		3640848629708BE7004185AE /* ProfileUIView.swift */ = {isa = PBXFileReference; lastKnownFileType = sourcecode.swift; path = ProfileUIView.swift; sourceTree = "<group>"; };
		364084882970A599004185AE /* EditView.swift */ = {isa = PBXFileReference; lastKnownFileType = sourcecode.swift; path = EditView.swift; sourceTree = "<group>"; };
		3640848B2970AAC6004185AE /* Profile.swift */ = {isa = PBXFileReference; lastKnownFileType = sourcecode.swift; path = Profile.swift; sourceTree = "<group>"; };
		36408494297C7986004185AE /* String.swift */ = {isa = PBXFileReference; lastKnownFileType = sourcecode.swift; path = String.swift; sourceTree = "<group>"; };
		36408497297C7A32004185AE /* DateFormats.swift */ = {isa = PBXFileReference; lastKnownFileType = sourcecode.swift; path = DateFormats.swift; sourceTree = "<group>"; };
		36408499297C7AF9004185AE /* Int.swift */ = {isa = PBXFileReference; lastKnownFileType = sourcecode.swift; path = Int.swift; sourceTree = "<group>"; };
		36C323AC2989649C0031A60E /* Info.plist */ = {isa = PBXFileReference; lastKnownFileType = text.plist; path = Info.plist; sourceTree = "<group>"; };
		36C323AE298965F40031A60E /* LocationManager.swift */ = {isa = PBXFileReference; lastKnownFileType = sourcecode.swift; path = LocationManager.swift; sourceTree = "<group>"; };
		36C323B029898A290031A60E /* Places.swift */ = {isa = PBXFileReference; lastKnownFileType = sourcecode.swift; path = Places.swift; sourceTree = "<group>"; };
		36C323B329898BF40031A60E /* ExploreView.swift */ = {isa = PBXFileReference; lastKnownFileType = sourcecode.swift; path = ExploreView.swift; sourceTree = "<group>"; };
		36C323B5298992340031A60E /* ExploreCellUIView.swift */ = {isa = PBXFileReference; lastKnownFileType = sourcecode.swift; path = ExploreCellUIView.swift; sourceTree = "<group>"; };
		36C323B7298998B60031A60E /* ImagePageView.swift */ = {isa = PBXFileReference; lastKnownFileType = sourcecode.swift; path = ImagePageView.swift; sourceTree = "<group>"; };
		36C323BA298A9B330031A60E /* TabUIView.swift */ = {isa = PBXFileReference; lastKnownFileType = sourcecode.swift; path = TabUIView.swift; sourceTree = "<group>"; };
		36C323BC298AA07A0031A60E /* TabType.swift */ = {isa = PBXFileReference; lastKnownFileType = sourcecode.swift; path = TabType.swift; sourceTree = "<group>"; };
		36FD237D29BF8B4300A70A94 /* LoginButtonView.swift */ = {isa = PBXFileReference; lastKnownFileType = sourcecode.swift; path = LoginButtonView.swift; sourceTree = "<group>"; };
		36FD238029BF906300A70A94 /* NavigationLinkExtension.swift */ = {isa = PBXFileReference; lastKnownFileType = sourcecode.swift; path = NavigationLinkExtension.swift; sourceTree = "<group>"; };
		36FD238429BF9C6800A70A94 /* RegistrationView.swift */ = {isa = PBXFileReference; lastKnownFileType = sourcecode.swift; path = RegistrationView.swift; sourceTree = "<group>"; };
		36FD238629BF9E4600A70A94 /* SignInView.swift */ = {isa = PBXFileReference; lastKnownFileType = sourcecode.swift; path = SignInView.swift; sourceTree = "<group>"; };
		36FD238829BFA79C00A70A94 /* LoginFlowTextField.swift */ = {isa = PBXFileReference; lastKnownFileType = sourcecode.swift; path = LoginFlowTextField.swift; sourceTree = "<group>"; };
		36FD238A29BFAAB800A70A94 /* LoginTextFields.swift */ = {isa = PBXFileReference; lastKnownFileType = sourcecode.swift; path = LoginTextFields.swift; sourceTree = "<group>"; };
		36FD238C29C0A85500A70A94 /* VandroukaDebug.entitlements */ = {isa = PBXFileReference; lastKnownFileType = text.plist.entitlements; path = VandroukaDebug.entitlements; sourceTree = "<group>"; };
		36FD238E29C3725E00A70A94 /* LoginFlowButtonView.swift */ = {isa = PBXFileReference; lastKnownFileType = sourcecode.swift; path = LoginFlowButtonView.swift; sourceTree = "<group>"; };
		36FD239129C3744E00A70A94 /* AsyncButton.swift */ = {isa = PBXFileReference; lastKnownFileType = sourcecode.swift; path = AsyncButton.swift; sourceTree = "<group>"; };
		36FD239329C3A12B00A70A94 /* NavigationBackButton.swift */ = {isa = PBXFileReference; lastKnownFileType = sourcecode.swift; path = NavigationBackButton.swift; sourceTree = "<group>"; };
/* End PBXFileReference section */

/* Begin PBXFrameworksBuildPhase section */
		3640847129708B02004185AE /* Frameworks */ = {
			isa = PBXFrameworksBuildPhase;
			buildActionMask = 2147483647;
			files = (
				3638D81D29BB411900E772BF /* FirebaseDatabaseSwift in Frameworks */,
				3638D82329BB411900E772BF /* FirebaseFirestoreCombine-Community in Frameworks */,
				3638D81929BB411900E772BF /* FirebaseCrashlytics in Frameworks */,
				3638D82D29BB411900E772BF /* FirebaseStorageCombine-Community in Frameworks */,
				3638D81529BB411900E772BF /* FirebaseAuth in Frameworks */,
				3638D81B29BB411900E772BF /* FirebaseDatabase in Frameworks */,
				3638D82B29BB411900E772BF /* FirebaseStorage in Frameworks */,
				3638D82929BB411900E772BF /* FirebaseRemoteConfigSwift in Frameworks */,
				3638D81729BB411900E772BF /* FirebaseAuthCombine-Community in Frameworks */,
				3638D81F29BB411900E772BF /* FirebaseDynamicLinks in Frameworks */,
				3638D82129BB411900E772BF /* FirebaseFirestore in Frameworks */,
				3638D82529BB411900E772BF /* FirebaseFirestoreSwift in Frameworks */,
				3638D82729BB411900E772BF /* FirebaseRemoteConfig in Frameworks */,
			);
			runOnlyForDeploymentPostprocessing = 0;
		};
/* End PBXFrameworksBuildPhase section */

/* Begin PBXGroup section */
		3638D7FB29B0D2A600E772BF /* MapView */ = {
			isa = PBXGroup;
			children = (
				3638D7FC29B0D2C200E772BF /* MapView.swift */,
				3638D80029B135A900E772BF /* MapAnnotationView.swift */,
				3638D80229B13D5D00E772BF /* DetailedAnnotaionView.swift */,
				3638D80629B638BE00E772BF /* LocationButtonView.swift */,
			);
			path = MapView;
			sourceTree = "<group>";
		};
		3638D80A29B65A1200E772BF /* CustomSegment */ = {
			isa = PBXGroup;
			children = (
				3638D80B29B65A3500E772BF /* SegmentControl.swift */,
				3638D80E29B675C200E772BF /* RectPreferenceKey.swift */,
				3638D81029B675FC00E772BF /* UnderlineModifier.swift */,
			);
			path = CustomSegment;
			sourceTree = "<group>";
		};
		3638D81229B7CCCC00E772BF /* LocationManager */ = {
			isa = PBXGroup;
			children = (
				36C323AE298965F40031A60E /* LocationManager.swift */,
				3638D80529B3E5D200E772BF /* Mensk.gpx */,
			);
			path = LocationManager;
			sourceTree = "<group>";
		};
		3638D83029BB423C00E772BF /* Login */ = {
			isa = PBXGroup;
			children = (
				36FD238D29C3724300A70A94 /* HelpersView */,
				36FD238329BF9C5200A70A94 /* Registration */,
				36FD238229BF9C4100A70A94 /* SignIn */,
				3638D82E29BB423700E772BF /* PresentAppView.swift */,
				36FD237D29BF8B4300A70A94 /* LoginButtonView.swift */,
			);
			path = Login;
			sourceTree = "<group>";
		};
		363AFF47299290F7008D8910 /* ViewModel */ = {
			isa = PBXGroup;
			children = (
				363AFF4329911DC2008D8910 /* ImageModel.swift */,
			);
			path = ViewModel;
			sourceTree = "<group>";
		};
		3640846B29708B02004185AE = {
			isa = PBXGroup;
			children = (
				3640847629708B02004185AE /* Vandrouka */,
				3640847529708B02004185AE /* Products */,
			);
			sourceTree = "<group>";
		};
		3640847529708B02004185AE /* Products */ = {
			isa = PBXGroup;
			children = (
				3640847429708B02004185AE /* Vandrouka.app */,
			);
			name = Products;
			sourceTree = "<group>";
		};
		3640847629708B02004185AE /* Vandrouka */ = {
			isa = PBXGroup;
			children = (
				36FD238C29C0A85500A70A94 /* VandroukaDebug.entitlements */,
				36C323AC2989649C0031A60E /* Info.plist */,
				3638D83329BB438A00E772BF /* GoogleService-Info.plist */,
				3640847729708B02004185AE /* VandroukaApp.swift */,
				3640847929708B02004185AE /* ContentView.swift */,
				3640848A2970AAB6004185AE /* Model */,
				36C323AB29895FF50031A60E /* View */,
				363AFF47299290F7008D8910 /* ViewModel */,
				36C323AD298965DE0031A60E /* Managers */,
				36408493297C7973004185AE /* Extensions */,
				36408496297C7A22004185AE /* Enums */,
				3640847B29708B04004185AE /* Assets.xcassets */,
				3640847D29708B04004185AE /* Preview Content */,
			);
			path = Vandrouka;
			sourceTree = "<group>";
		};
		3640847D29708B04004185AE /* Preview Content */ = {
			isa = PBXGroup;
			children = (
				3640847E29708B04004185AE /* Preview Assets.xcassets */,
			);
			path = "Preview Content";
			sourceTree = "<group>";
		};
		3640848529708B76004185AE /* Profile */ = {
			isa = PBXGroup;
			children = (
				3640848629708BE7004185AE /* ProfileUIView.swift */,
				364084882970A599004185AE /* EditView.swift */,
				363AFF41299118F3008D8910 /* ImageView.swift */,
			);
			path = Profile;
			sourceTree = "<group>";
		};
		3640848A2970AAB6004185AE /* Model */ = {
			isa = PBXGroup;
			children = (
				3640848B2970AAC6004185AE /* Profile.swift */,
				36C323B029898A290031A60E /* Places.swift */,
			);
			path = Model;
			sourceTree = "<group>";
		};
		36408493297C7973004185AE /* Extensions */ = {
			isa = PBXGroup;
			children = (
				36FD237F29BF904300A70A94 /* LoginView */,
				36408494297C7986004185AE /* String.swift */,
				36408499297C7AF9004185AE /* Int.swift */,
				363AFF4529912C30008D8910 /* Image.swift */,
			);
			path = Extensions;
			sourceTree = "<group>";
		};
		36408496297C7A22004185AE /* Enums */ = {
			isa = PBXGroup;
			children = (
				36408497297C7A32004185AE /* DateFormats.swift */,
			);
			path = Enums;
			sourceTree = "<group>";
		};
		36C323AB29895FF50031A60E /* View */ = {
			isa = PBXGroup;
			children = (
				36FD239029C3742300A70A94 /* BaseImpl */,
				3638D83029BB423C00E772BF /* Login */,
				3638D80A29B65A1200E772BF /* CustomSegment */,
				3638D7FB29B0D2A600E772BF /* MapView */,
				36C323B9298A9B1F0031A60E /* TabView */,
				36C323B229898BE20031A60E /* Explore */,
				3640848529708B76004185AE /* Profile */,
			);
			path = View;
			sourceTree = "<group>";
		};
		36C323AD298965DE0031A60E /* Managers */ = {
			isa = PBXGroup;
			children = (
				3638D81229B7CCCC00E772BF /* LocationManager */,
			);
			path = Managers;
			sourceTree = "<group>";
		};
		36C323B229898BE20031A60E /* Explore */ = {
			isa = PBXGroup;
			children = (
				36C323B329898BF40031A60E /* ExploreView.swift */,
				36C323B5298992340031A60E /* ExploreCellUIView.swift */,
				36C323B7298998B60031A60E /* ImagePageView.swift */,
				3638D80829B6568300E772BF /* SectionView.swift */,
			);
			path = Explore;
			sourceTree = "<group>";
		};
		36C323B9298A9B1F0031A60E /* TabView */ = {
			isa = PBXGroup;
			children = (
				36C323BA298A9B330031A60E /* TabUIView.swift */,
				36C323BC298AA07A0031A60E /* TabType.swift */,
			);
			path = TabView;
			sourceTree = "<group>";
		};
		36FD237F29BF904300A70A94 /* LoginView */ = {
			isa = PBXGroup;
			children = (
				36FD238029BF906300A70A94 /* NavigationLinkExtension.swift */,
				36FD238A29BFAAB800A70A94 /* LoginTextFields.swift */,
			);
			path = LoginView;
			sourceTree = "<group>";
		};
		36FD238229BF9C4100A70A94 /* SignIn */ = {
			isa = PBXGroup;
			children = (
				36FD238629BF9E4600A70A94 /* SignInView.swift */,
			);
			path = SignIn;
			sourceTree = "<group>";
		};
		36FD238329BF9C5200A70A94 /* Registration */ = {
			isa = PBXGroup;
			children = (
				36FD238429BF9C6800A70A94 /* RegistrationView.swift */,
			);
			path = Registration;
			sourceTree = "<group>";
		};
		36FD238D29C3724300A70A94 /* HelpersView */ = {
			isa = PBXGroup;
			children = (
				36FD238829BFA79C00A70A94 /* LoginFlowTextField.swift */,
				36FD238E29C3725E00A70A94 /* LoginFlowButtonView.swift */,
			);
			path = HelpersView;
			sourceTree = "<group>";
		};
		36FD239029C3742300A70A94 /* BaseImpl */ = {
			isa = PBXGroup;
			children = (
				36FD239129C3744E00A70A94 /* AsyncButton.swift */,
				36FD239329C3A12B00A70A94 /* NavigationBackButton.swift */,
			);
			path = BaseImpl;
			sourceTree = "<group>";
		};
/* End PBXGroup section */

/* Begin PBXNativeTarget section */
		3640847329708B02004185AE /* Vandrouka */ = {
			isa = PBXNativeTarget;
			buildConfigurationList = 3640848229708B04004185AE /* Build configuration list for PBXNativeTarget "Vandrouka" */;
			buildPhases = (
				3640847029708B02004185AE /* Sources */,
				3640847129708B02004185AE /* Frameworks */,
				3640847229708B02004185AE /* Resources */,
			);
			buildRules = (
			);
			dependencies = (
			);
			name = Vandrouka;
			packageProductDependencies = (
				3638D81429BB411900E772BF /* FirebaseAuth */,
				3638D81629BB411900E772BF /* FirebaseAuthCombine-Community */,
				3638D81829BB411900E772BF /* FirebaseCrashlytics */,
				3638D81A29BB411900E772BF /* FirebaseDatabase */,
				3638D81C29BB411900E772BF /* FirebaseDatabaseSwift */,
				3638D81E29BB411900E772BF /* FirebaseDynamicLinks */,
				3638D82029BB411900E772BF /* FirebaseFirestore */,
				3638D82229BB411900E772BF /* FirebaseFirestoreCombine-Community */,
				3638D82429BB411900E772BF /* FirebaseFirestoreSwift */,
				3638D82629BB411900E772BF /* FirebaseRemoteConfig */,
				3638D82829BB411900E772BF /* FirebaseRemoteConfigSwift */,
				3638D82A29BB411900E772BF /* FirebaseStorage */,
				3638D82C29BB411900E772BF /* FirebaseStorageCombine-Community */,
			);
			productName = Vandrouka;
			productReference = 3640847429708B02004185AE /* Vandrouka.app */;
			productType = "com.apple.product-type.application";
		};
/* End PBXNativeTarget section */

/* Begin PBXProject section */
		3640846C29708B02004185AE /* Project object */ = {
			isa = PBXProject;
			attributes = {
				BuildIndependentTargetsInParallel = 1;
				LastSwiftUpdateCheck = 1410;
				LastUpgradeCheck = 1410;
				TargetAttributes = {
					3640847329708B02004185AE = {
						CreatedOnToolsVersion = 14.1;
					};
				};
			};
			buildConfigurationList = 3640846F29708B02004185AE /* Build configuration list for PBXProject "Vandrouka" */;
			compatibilityVersion = "Xcode 14.0";
			developmentRegion = en;
			hasScannedForEncodings = 0;
			knownRegions = (
				en,
				Base,
			);
			mainGroup = 3640846B29708B02004185AE;
			packageReferences = (
				3638D81329BB411900E772BF /* XCRemoteSwiftPackageReference "firebase-ios-sdk" */,
			);
			productRefGroup = 3640847529708B02004185AE /* Products */;
			projectDirPath = "";
			projectRoot = "";
			targets = (
				3640847329708B02004185AE /* Vandrouka */,
			);
		};
/* End PBXProject section */

/* Begin PBXResourcesBuildPhase section */
		3640847229708B02004185AE /* Resources */ = {
			isa = PBXResourcesBuildPhase;
			buildActionMask = 2147483647;
			files = (
				3640847F29708B04004185AE /* Preview Assets.xcassets in Resources */,
				3640847C29708B04004185AE /* Assets.xcassets in Resources */,
				3638D83429BB438A00E772BF /* GoogleService-Info.plist in Resources */,
			);
			runOnlyForDeploymentPostprocessing = 0;
		};
/* End PBXResourcesBuildPhase section */

/* Begin PBXSourcesBuildPhase section */
		3640847029708B02004185AE /* Sources */ = {
			isa = PBXSourcesBuildPhase;
			buildActionMask = 2147483647;
			files = (
				36FD237E29BF8B4300A70A94 /* LoginButtonView.swift in Sources */,
				36FD239229C3744E00A70A94 /* AsyncButton.swift in Sources */,
				36C323B429898BF40031A60E /* ExploreView.swift in Sources */,
				363AFF4629912C30008D8910 /* Image.swift in Sources */,
				36C323B8298998B60031A60E /* ImagePageView.swift in Sources */,
				36C323BD298AA07A0031A60E /* TabType.swift in Sources */,
				36408495297C7986004185AE /* String.swift in Sources */,
				36C323B6298992340031A60E /* ExploreCellUIView.swift in Sources */,
				3640847A29708B02004185AE /* ContentView.swift in Sources */,
				3638D80F29B675C200E772BF /* RectPreferenceKey.swift in Sources */,
				36FD238529BF9C6800A70A94 /* RegistrationView.swift in Sources */,
				3638D80329B13D5D00E772BF /* DetailedAnnotaionView.swift in Sources */,
				3638D80929B6568300E772BF /* SectionView.swift in Sources */,
				3640848C2970AAC6004185AE /* Profile.swift in Sources */,
				3638D81129B675FC00E772BF /* UnderlineModifier.swift in Sources */,
				36FD238929BFA79C00A70A94 /* LoginFlowTextField.swift in Sources */,
				3640847829708B02004185AE /* VandroukaApp.swift in Sources */,
				36FD238F29C3725E00A70A94 /* LoginFlowButtonView.swift in Sources */,
				3638D80C29B65A3500E772BF /* SegmentControl.swift in Sources */,
				363AFF42299118F3008D8910 /* ImageView.swift in Sources */,
				3638D80129B135A900E772BF /* MapAnnotationView.swift in Sources */,
				364084892970A599004185AE /* EditView.swift in Sources */,
				36FD239429C3A12B00A70A94 /* NavigationBackButton.swift in Sources */,
				363AFF4429911DC2008D8910 /* ImageModel.swift in Sources */,
				36C323B129898A290031A60E /* Places.swift in Sources */,
				36FD238B29BFAAB800A70A94 /* LoginTextFields.swift in Sources */,
				36408498297C7A32004185AE /* DateFormats.swift in Sources */,
				36C323BB298A9B330031A60E /* TabUIView.swift in Sources */,
				36FD238129BF906300A70A94 /* NavigationLinkExtension.swift in Sources */,
				3638D82F29BB423700E772BF /* PresentAppView.swift in Sources */,
				3638D7FD29B0D2C200E772BF /* MapView.swift in Sources */,
				3640848729708BE7004185AE /* ProfileUIView.swift in Sources */,
				3638D80729B638BE00E772BF /* LocationButtonView.swift in Sources */,
				3640849A297C7AF9004185AE /* Int.swift in Sources */,
				36C323AF298965F40031A60E /* LocationManager.swift in Sources */,
				36FD238729BF9E4600A70A94 /* SignInView.swift in Sources */,
			);
			runOnlyForDeploymentPostprocessing = 0;
		};
/* End PBXSourcesBuildPhase section */

/* Begin XCBuildConfiguration section */
		3640848029708B04004185AE /* Debug */ = {
			isa = XCBuildConfiguration;
			buildSettings = {
				ALWAYS_SEARCH_USER_PATHS = NO;
				CLANG_ANALYZER_NONNULL = YES;
				CLANG_ANALYZER_NUMBER_OBJECT_CONVERSION = YES_AGGRESSIVE;
				CLANG_CXX_LANGUAGE_STANDARD = "gnu++20";
				CLANG_ENABLE_MODULES = YES;
				CLANG_ENABLE_OBJC_ARC = YES;
				CLANG_ENABLE_OBJC_WEAK = YES;
				CLANG_WARN_BLOCK_CAPTURE_AUTORELEASING = YES;
				CLANG_WARN_BOOL_CONVERSION = YES;
				CLANG_WARN_COMMA = YES;
				CLANG_WARN_CONSTANT_CONVERSION = YES;
				CLANG_WARN_DEPRECATED_OBJC_IMPLEMENTATIONS = YES;
				CLANG_WARN_DIRECT_OBJC_ISA_USAGE = YES_ERROR;
				CLANG_WARN_DOCUMENTATION_COMMENTS = YES;
				CLANG_WARN_EMPTY_BODY = YES;
				CLANG_WARN_ENUM_CONVERSION = YES;
				CLANG_WARN_INFINITE_RECURSION = YES;
				CLANG_WARN_INT_CONVERSION = YES;
				CLANG_WARN_NON_LITERAL_NULL_CONVERSION = YES;
				CLANG_WARN_OBJC_IMPLICIT_RETAIN_SELF = YES;
				CLANG_WARN_OBJC_LITERAL_CONVERSION = YES;
				CLANG_WARN_OBJC_ROOT_CLASS = YES_ERROR;
				CLANG_WARN_QUOTED_INCLUDE_IN_FRAMEWORK_HEADER = YES;
				CLANG_WARN_RANGE_LOOP_ANALYSIS = YES;
				CLANG_WARN_STRICT_PROTOTYPES = YES;
				CLANG_WARN_SUSPICIOUS_MOVE = YES;
				CLANG_WARN_UNGUARDED_AVAILABILITY = YES_AGGRESSIVE;
				CLANG_WARN_UNREACHABLE_CODE = YES;
				CLANG_WARN__DUPLICATE_METHOD_MATCH = YES;
				COPY_PHASE_STRIP = NO;
				DEBUG_INFORMATION_FORMAT = dwarf;
				ENABLE_STRICT_OBJC_MSGSEND = YES;
				ENABLE_TESTABILITY = YES;
				GCC_C_LANGUAGE_STANDARD = gnu11;
				GCC_DYNAMIC_NO_PIC = NO;
				GCC_NO_COMMON_BLOCKS = YES;
				GCC_OPTIMIZATION_LEVEL = 0;
				GCC_PREPROCESSOR_DEFINITIONS = (
					"DEBUG=1",
					"$(inherited)",
				);
				GCC_WARN_64_TO_32_BIT_CONVERSION = YES;
				GCC_WARN_ABOUT_RETURN_TYPE = YES_ERROR;
				GCC_WARN_UNDECLARED_SELECTOR = YES;
				GCC_WARN_UNINITIALIZED_AUTOS = YES_AGGRESSIVE;
				GCC_WARN_UNUSED_FUNCTION = YES;
				GCC_WARN_UNUSED_VARIABLE = YES;
				IPHONEOS_DEPLOYMENT_TARGET = 16.1;
				MTL_ENABLE_DEBUG_INFO = INCLUDE_SOURCE;
				MTL_FAST_MATH = YES;
				ONLY_ACTIVE_ARCH = YES;
				SDKROOT = iphoneos;
				SWIFT_ACTIVE_COMPILATION_CONDITIONS = DEBUG;
				SWIFT_OPTIMIZATION_LEVEL = "-Onone";
			};
			name = Debug;
		};
		3640848129708B04004185AE /* Release */ = {
			isa = XCBuildConfiguration;
			buildSettings = {
				ALWAYS_SEARCH_USER_PATHS = NO;
				CLANG_ANALYZER_NONNULL = YES;
				CLANG_ANALYZER_NUMBER_OBJECT_CONVERSION = YES_AGGRESSIVE;
				CLANG_CXX_LANGUAGE_STANDARD = "gnu++20";
				CLANG_ENABLE_MODULES = YES;
				CLANG_ENABLE_OBJC_ARC = YES;
				CLANG_ENABLE_OBJC_WEAK = YES;
				CLANG_WARN_BLOCK_CAPTURE_AUTORELEASING = YES;
				CLANG_WARN_BOOL_CONVERSION = YES;
				CLANG_WARN_COMMA = YES;
				CLANG_WARN_CONSTANT_CONVERSION = YES;
				CLANG_WARN_DEPRECATED_OBJC_IMPLEMENTATIONS = YES;
				CLANG_WARN_DIRECT_OBJC_ISA_USAGE = YES_ERROR;
				CLANG_WARN_DOCUMENTATION_COMMENTS = YES;
				CLANG_WARN_EMPTY_BODY = YES;
				CLANG_WARN_ENUM_CONVERSION = YES;
				CLANG_WARN_INFINITE_RECURSION = YES;
				CLANG_WARN_INT_CONVERSION = YES;
				CLANG_WARN_NON_LITERAL_NULL_CONVERSION = YES;
				CLANG_WARN_OBJC_IMPLICIT_RETAIN_SELF = YES;
				CLANG_WARN_OBJC_LITERAL_CONVERSION = YES;
				CLANG_WARN_OBJC_ROOT_CLASS = YES_ERROR;
				CLANG_WARN_QUOTED_INCLUDE_IN_FRAMEWORK_HEADER = YES;
				CLANG_WARN_RANGE_LOOP_ANALYSIS = YES;
				CLANG_WARN_STRICT_PROTOTYPES = YES;
				CLANG_WARN_SUSPICIOUS_MOVE = YES;
				CLANG_WARN_UNGUARDED_AVAILABILITY = YES_AGGRESSIVE;
				CLANG_WARN_UNREACHABLE_CODE = YES;
				CLANG_WARN__DUPLICATE_METHOD_MATCH = YES;
				COPY_PHASE_STRIP = NO;
				DEBUG_INFORMATION_FORMAT = "dwarf-with-dsym";
				ENABLE_NS_ASSERTIONS = NO;
				ENABLE_STRICT_OBJC_MSGSEND = YES;
				GCC_C_LANGUAGE_STANDARD = gnu11;
				GCC_NO_COMMON_BLOCKS = YES;
				GCC_WARN_64_TO_32_BIT_CONVERSION = YES;
				GCC_WARN_ABOUT_RETURN_TYPE = YES_ERROR;
				GCC_WARN_UNDECLARED_SELECTOR = YES;
				GCC_WARN_UNINITIALIZED_AUTOS = YES_AGGRESSIVE;
				GCC_WARN_UNUSED_FUNCTION = YES;
				GCC_WARN_UNUSED_VARIABLE = YES;
				IPHONEOS_DEPLOYMENT_TARGET = 16.1;
				MTL_ENABLE_DEBUG_INFO = NO;
				MTL_FAST_MATH = YES;
				SDKROOT = iphoneos;
				SWIFT_COMPILATION_MODE = wholemodule;
				SWIFT_OPTIMIZATION_LEVEL = "-O";
				VALIDATE_PRODUCT = YES;
			};
			name = Release;
		};
		3640848329708B04004185AE /* Debug */ = {
			isa = XCBuildConfiguration;
			buildSettings = {
				ASSETCATALOG_COMPILER_APPICON_NAME = AppIcon;
				ASSETCATALOG_COMPILER_GLOBAL_ACCENT_COLOR_NAME = AccentColor;
				CODE_SIGN_ENTITLEMENTS = Vandrouka/VandroukaDebug.entitlements;
				CODE_SIGN_STYLE = Automatic;
				CURRENT_PROJECT_VERSION = 1;
				DEVELOPMENT_ASSET_PATHS = "\"Vandrouka/Preview Content\"";
				ENABLE_PREVIEWS = YES;
				GENERATE_INFOPLIST_FILE = YES;
				INFOPLIST_FILE = Vandrouka/Info.plist;
				INFOPLIST_KEY_CFBundleDisplayName = "Vandroŭka";
				INFOPLIST_KEY_NSLocationAlwaysAndWhenInUseUsageDescription = "We want to access your location to show interest places near of you!";
				INFOPLIST_KEY_NSLocationAlwaysUsageDescription = "We want to access your location to show interest places near of you!";
				INFOPLIST_KEY_NSLocationUsageDescription = "We want to access your location to show interest places near of you!";
				INFOPLIST_KEY_NSLocationWhenInUseUsageDescription = "We want to access your location to show interest places near of you!";
				INFOPLIST_KEY_UIApplicationSceneManifest_Generation = YES;
				INFOPLIST_KEY_UIApplicationSupportsIndirectInputEvents = YES;
				INFOPLIST_KEY_UILaunchScreen_Generation = YES;
				INFOPLIST_KEY_UISupportedInterfaceOrientations_iPad = "UIInterfaceOrientationPortrait UIInterfaceOrientationPortraitUpsideDown UIInterfaceOrientationLandscapeLeft UIInterfaceOrientationLandscapeRight";
				INFOPLIST_KEY_UISupportedInterfaceOrientations_iPhone = "UIInterfaceOrientationPortrait UIInterfaceOrientationLandscapeLeft UIInterfaceOrientationLandscapeRight";
				IPHONEOS_DEPLOYMENT_TARGET = 16.0;
				LD_RUNPATH_SEARCH_PATHS = (
					"$(inherited)",
					"@executable_path/Frameworks",
				);
				MARKETING_VERSION = 1.0;
				PRODUCT_BUNDLE_IDENTIFIER = com.arseni.vandrouka;
				PRODUCT_NAME = "$(TARGET_NAME)";
				SWIFT_EMIT_LOC_STRINGS = YES;
				SWIFT_VERSION = 5.0;
				TARGETED_DEVICE_FAMILY = "1,2";
			};
			name = Debug;
		};
		3640848429708B04004185AE /* Release */ = {
			isa = XCBuildConfiguration;
			buildSettings = {
				ASSETCATALOG_COMPILER_APPICON_NAME = AppIcon;
				ASSETCATALOG_COMPILER_GLOBAL_ACCENT_COLOR_NAME = AccentColor;
				CODE_SIGN_STYLE = Automatic;
				CURRENT_PROJECT_VERSION = 1;
				DEVELOPMENT_ASSET_PATHS = "\"Vandrouka/Preview Content\"";
				ENABLE_PREVIEWS = YES;
				GENERATE_INFOPLIST_FILE = YES;
				INFOPLIST_FILE = Vandrouka/Info.plist;
				INFOPLIST_KEY_CFBundleDisplayName = "Vandroŭka";
				INFOPLIST_KEY_NSLocationAlwaysAndWhenInUseUsageDescription = "We want to access your location to show interest places near of you!";
				INFOPLIST_KEY_NSLocationAlwaysUsageDescription = "We want to access your location to show interest places near of you!";
				INFOPLIST_KEY_NSLocationUsageDescription = "We want to access your location to show interest places near of you!";
				INFOPLIST_KEY_NSLocationWhenInUseUsageDescription = "We want to access your location to show interest places near of you!";
				INFOPLIST_KEY_UIApplicationSceneManifest_Generation = YES;
				INFOPLIST_KEY_UIApplicationSupportsIndirectInputEvents = YES;
				INFOPLIST_KEY_UILaunchScreen_Generation = YES;
				INFOPLIST_KEY_UISupportedInterfaceOrientations_iPad = "UIInterfaceOrientationPortrait UIInterfaceOrientationPortraitUpsideDown UIInterfaceOrientationLandscapeLeft UIInterfaceOrientationLandscapeRight";
				INFOPLIST_KEY_UISupportedInterfaceOrientations_iPhone = "UIInterfaceOrientationPortrait UIInterfaceOrientationLandscapeLeft UIInterfaceOrientationLandscapeRight";
				IPHONEOS_DEPLOYMENT_TARGET = 16.0;
				LD_RUNPATH_SEARCH_PATHS = (
					"$(inherited)",
					"@executable_path/Frameworks",
				);
				MARKETING_VERSION = 1.0;
				PRODUCT_BUNDLE_IDENTIFIER = arseni.Vandrouka;
				PRODUCT_NAME = "$(TARGET_NAME)";
				SWIFT_EMIT_LOC_STRINGS = YES;
				SWIFT_VERSION = 5.0;
				TARGETED_DEVICE_FAMILY = "1,2";
			};
			name = Release;
		};
/* End XCBuildConfiguration section */

/* Begin XCConfigurationList section */
		3640846F29708B02004185AE /* Build configuration list for PBXProject "Vandrouka" */ = {
			isa = XCConfigurationList;
			buildConfigurations = (
				3640848029708B04004185AE /* Debug */,
				3640848129708B04004185AE /* Release */,
			);
			defaultConfigurationIsVisible = 0;
			defaultConfigurationName = Release;
		};
		3640848229708B04004185AE /* Build configuration list for PBXNativeTarget "Vandrouka" */ = {
			isa = XCConfigurationList;
			buildConfigurations = (
				3640848329708B04004185AE /* Debug */,
				3640848429708B04004185AE /* Release */,
			);
			defaultConfigurationIsVisible = 0;
			defaultConfigurationName = Release;
		};
/* End XCConfigurationList section */

/* Begin XCRemoteSwiftPackageReference section */
		3638D81329BB411900E772BF /* XCRemoteSwiftPackageReference "firebase-ios-sdk" */ = {
			isa = XCRemoteSwiftPackageReference;
			repositoryURL = "https://github.com/firebase/firebase-ios-sdk";
			requirement = {
				kind = upToNextMajorVersion;
				minimumVersion = 9.0.0;
			};
		};
/* End XCRemoteSwiftPackageReference section */

/* Begin XCSwiftPackageProductDependency section */
		3638D81429BB411900E772BF /* FirebaseAuth */ = {
			isa = XCSwiftPackageProductDependency;
			package = 3638D81329BB411900E772BF /* XCRemoteSwiftPackageReference "firebase-ios-sdk" */;
			productName = FirebaseAuth;
		};
		3638D81629BB411900E772BF /* FirebaseAuthCombine-Community */ = {
			isa = XCSwiftPackageProductDependency;
			package = 3638D81329BB411900E772BF /* XCRemoteSwiftPackageReference "firebase-ios-sdk" */;
			productName = "FirebaseAuthCombine-Community";
		};
		3638D81829BB411900E772BF /* FirebaseCrashlytics */ = {
			isa = XCSwiftPackageProductDependency;
			package = 3638D81329BB411900E772BF /* XCRemoteSwiftPackageReference "firebase-ios-sdk" */;
			productName = FirebaseCrashlytics;
		};
		3638D81A29BB411900E772BF /* FirebaseDatabase */ = {
			isa = XCSwiftPackageProductDependency;
			package = 3638D81329BB411900E772BF /* XCRemoteSwiftPackageReference "firebase-ios-sdk" */;
			productName = FirebaseDatabase;
		};
		3638D81C29BB411900E772BF /* FirebaseDatabaseSwift */ = {
			isa = XCSwiftPackageProductDependency;
			package = 3638D81329BB411900E772BF /* XCRemoteSwiftPackageReference "firebase-ios-sdk" */;
			productName = FirebaseDatabaseSwift;
		};
		3638D81E29BB411900E772BF /* FirebaseDynamicLinks */ = {
			isa = XCSwiftPackageProductDependency;
			package = 3638D81329BB411900E772BF /* XCRemoteSwiftPackageReference "firebase-ios-sdk" */;
			productName = FirebaseDynamicLinks;
		};
		3638D82029BB411900E772BF /* FirebaseFirestore */ = {
			isa = XCSwiftPackageProductDependency;
			package = 3638D81329BB411900E772BF /* XCRemoteSwiftPackageReference "firebase-ios-sdk" */;
			productName = FirebaseFirestore;
		};
		3638D82229BB411900E772BF /* FirebaseFirestoreCombine-Community */ = {
			isa = XCSwiftPackageProductDependency;
			package = 3638D81329BB411900E772BF /* XCRemoteSwiftPackageReference "firebase-ios-sdk" */;
			productName = "FirebaseFirestoreCombine-Community";
		};
		3638D82429BB411900E772BF /* FirebaseFirestoreSwift */ = {
			isa = XCSwiftPackageProductDependency;
			package = 3638D81329BB411900E772BF /* XCRemoteSwiftPackageReference "firebase-ios-sdk" */;
			productName = FirebaseFirestoreSwift;
		};
		3638D82629BB411900E772BF /* FirebaseRemoteConfig */ = {
			isa = XCSwiftPackageProductDependency;
			package = 3638D81329BB411900E772BF /* XCRemoteSwiftPackageReference "firebase-ios-sdk" */;
			productName = FirebaseRemoteConfig;
		};
		3638D82829BB411900E772BF /* FirebaseRemoteConfigSwift */ = {
			isa = XCSwiftPackageProductDependency;
			package = 3638D81329BB411900E772BF /* XCRemoteSwiftPackageReference "firebase-ios-sdk" */;
			productName = FirebaseRemoteConfigSwift;
		};
		3638D82A29BB411900E772BF /* FirebaseStorage */ = {
			isa = XCSwiftPackageProductDependency;
			package = 3638D81329BB411900E772BF /* XCRemoteSwiftPackageReference "firebase-ios-sdk" */;
			productName = FirebaseStorage;
		};
		3638D82C29BB411900E772BF /* FirebaseStorageCombine-Community */ = {
			isa = XCSwiftPackageProductDependency;
			package = 3638D81329BB411900E772BF /* XCRemoteSwiftPackageReference "firebase-ios-sdk" */;
			productName = "FirebaseStorageCombine-Community";
		};
/* End XCSwiftPackageProductDependency section */
	};
	rootObject = 3640846C29708B02004185AE /* Project object */;
}
